// !$*UTF8*$!
{
	archiveVersion = 1;
	classes = {
	};
	objectVersion = 46;
	objects = {

/* Begin PBXBuildFile section */
		85EEE4311CF555C400C1B465 /* AppDelegate.swift in Sources */ = {isa = PBXBuildFile; fileRef = 85EEE4301CF555C400C1B465 /* AppDelegate.swift */; };
		85EEE4331CF555C400C1B465 /* ViewController.swift in Sources */ = {isa = PBXBuildFile; fileRef = 85EEE4321CF555C400C1B465 /* ViewController.swift */; };
		85EEE4361CF555C400C1B465 /* Main.storyboard in Resources */ = {isa = PBXBuildFile; fileRef = 85EEE4341CF555C400C1B465 /* Main.storyboard */; };
		85EEE4381CF555C400C1B465 /* Assets.xcassets in Resources */ = {isa = PBXBuildFile; fileRef = 85EEE4371CF555C400C1B465 /* Assets.xcassets */; };
		85EEE43B1CF555C400C1B465 /* LaunchScreen.storyboard in Resources */ = {isa = PBXBuildFile; fileRef = 85EEE4391CF555C400C1B465 /* LaunchScreen.storyboard */; };
		85EEE4461CF555C400C1B465 /* TabBarTTests.swift in Sources */ = {isa = PBXBuildFile; fileRef = 85EEE4451CF555C400C1B465 /* TabBarTTests.swift */; };
		85EEE4511CF555C400C1B465 /* TabBarTUITests.swift in Sources */ = {isa = PBXBuildFile; fileRef = 85EEE4501CF555C400C1B465 /* TabBarTUITests.swift */; };
/* End PBXBuildFile section */

/* Begin PBXContainerItemProxy section */
		85EEE4421CF555C400C1B465 /* PBXContainerItemProxy */ = {
			isa = PBXContainerItemProxy;
			containerPortal = 85EEE4251CF555C400C1B465 /* Project object */;
			proxyType = 1;
			remoteGlobalIDString = 85EEE42C1CF555C400C1B465;
			remoteInfo = TabBarT;
		};
		85EEE44D1CF555C400C1B465 /* PBXContainerItemProxy */ = {
			isa = PBXContainerItemProxy;
			containerPortal = 85EEE4251CF555C400C1B465 /* Project object */;
			proxyType = 1;
			remoteGlobalIDString = 85EEE42C1CF555C400C1B465;
			remoteInfo = TabBarT;
		};
/* End PBXContainerItemProxy section */

/* Begin PBXFileReference section */
		85EEE42D1CF555C400C1B465 /* TabBarT.app */ = {isa = PBXFileReference; explicitFileType = wrapper.application; includeInIndex = 0; path = TabBarT.app; sourceTree = BUILT_PRODUCTS_DIR; };
		85EEE4301CF555C400C1B465 /* AppDelegate.swift */ = {isa = PBXFileReference; lastKnownFileType = sourcecode.swift; path = AppDelegate.swift; sourceTree = "<group>"; };
		85EEE4321CF555C400C1B465 /* ViewController.swift */ = {isa = PBXFileReference; lastKnownFileType = sourcecode.swift; path = ViewController.swift; sourceTree = "<group>"; };
		85EEE4351CF555C400C1B465 /* Base */ = {isa = PBXFileReference; lastKnownFileType = file.storyboard; name = Base; path = Base.lproj/Main.storyboard; sourceTree = "<group>"; };
		85EEE4371CF555C400C1B465 /* Assets.xcassets */ = {isa = PBXFileReference; lastKnownFileType = folder.assetcatalog; path = Assets.xcassets; sourceTree = "<group>"; };
		85EEE43A1CF555C400C1B465 /* Base */ = {isa = PBXFileReference; lastKnownFileType = file.storyboard; name = Base; path = Base.lproj/LaunchScreen.storyboard; sourceTree = "<group>"; };
		85EEE43C1CF555C400C1B465 /* Info.plist */ = {isa = PBXFileReference; lastKnownFileType = text.plist.xml; path = Info.plist; sourceTree = "<group>"; };
		85EEE4411CF555C400C1B465 /* TabBarTTests.xctest */ = {isa = PBXFileReference; explicitFileType = wrapper.cfbundle; includeInIndex = 0; path = TabBarTTests.xctest; sourceTree = BUILT_PRODUCTS_DIR; };
		85EEE4451CF555C400C1B465 /* TabBarTTests.swift */ = {isa = PBXFileReference; lastKnownFileType = sourcecode.swift; path = TabBarTTests.swift; sourceTree = "<group>"; };
		85EEE4471CF555C400C1B465 /* Info.plist */ = {isa = PBXFileReference; lastKnownFileType = text.plist.xml; path = Info.plist; sourceTree = "<group>"; };
		85EEE44C1CF555C400C1B465 /* TabBarTUITests.xctest */ = {isa = PBXFileReference; explicitFileType = wrapper.cfbundle; includeInIndex = 0; path = TabBarTUITests.xctest; sourceTree = BUILT_PRODUCTS_DIR; };
		85EEE4501CF555C400C1B465 /* TabBarTUITests.swift */ = {isa = PBXFileReference; lastKnownFileType = sourcecode.swift; path = TabBarTUITests.swift; sourceTree = "<group>"; };
		85EEE4521CF555C400C1B465 /* Info.plist */ = {isa = PBXFileReference; lastKnownFileType = text.plist.xml; path = Info.plist; sourceTree = "<group>"; };
/* End PBXFileReference section */

/* Begin PBXFrameworksBuildPhase section */
		85EEE42A1CF555C400C1B465 /* Frameworks */ = {
			isa = PBXFrameworksBuildPhase;
			buildActionMask = 2147483647;
			files = (
			);
			runOnlyForDeploymentPostprocessing = 0;
		};
		85EEE43E1CF555C400C1B465 /* Frameworks */ = {
			isa = PBXFrameworksBuildPhase;
			buildActionMask = 2147483647;
			files = (
			);
			runOnlyForDeploymentPostprocessing = 0;
		};
		85EEE4491CF555C400C1B465 /* Frameworks */ = {
			isa = PBXFrameworksBuildPhase;
			buildActionMask = 2147483647;
			files = (
			);
			runOnlyForDeploymentPostprocessing = 0;
		};
/* End PBXFrameworksBuildPhase section */

/* Begin PBXGroup section */
		85EEE4241CF555C400C1B465 = {
			isa = PBXGroup;
			children = (
				85EEE42F1CF555C400C1B465 /* TabBarT */,
				85EEE4441CF555C400C1B465 /* TabBarTTests */,
				85EEE44F1CF555C400C1B465 /* TabBarTUITests */,
				85EEE42E1CF555C400C1B465 /* Products */,
			);
			sourceTree = "<group>";
		};
		85EEE42E1CF555C400C1B465 /* Products */ = {
			isa = PBXGroup;
			children = (
				85EEE42D1CF555C400C1B465 /* TabBarT.app */,
				85EEE4411CF555C400C1B465 /* TabBarTTests.xctest */,
				85EEE44C1CF555C400C1B465 /* TabBarTUITests.xctest */,
			);
			name = Products;
			sourceTree = "<group>";
		};
		85EEE42F1CF555C400C1B465 /* TabBarT */ = {
			isa = PBXGroup;
			children = (
				85EEE4301CF555C400C1B465 /* AppDelegate.swift */,
				85EEE4321CF555C400C1B465 /* ViewController.swift */,
				85EEE4341CF555C400C1B465 /* Main.storyboard */,
				85EEE4371CF555C400C1B465 /* Assets.xcassets */,
				85EEE4391CF555C400C1B465 /* LaunchScreen.storyboard */,
				85EEE43C1CF555C400C1B465 /* Info.plist */,
			);
			path = TabBarT;
			sourceTree = "<group>";
		};
		85EEE4441CF555C400C1B465 /* TabBarTTests */ = {
			isa = PBXGroup;
			children = (
				85EEE4451CF555C400C1B465 /* TabBarTTests.swift */,
				85EEE4471CF555C400C1B465 /* Info.plist */,
			);
			path = TabBarTTests;
			sourceTree = "<group>";
		};
		85EEE44F1CF555C400C1B465 /* TabBarTUITests */ = {
			isa = PBXGroup;
			children = (
				85EEE4501CF555C400C1B465 /* TabBarTUITests.swift */,
				85EEE4521CF555C400C1B465 /* Info.plist */,
			);
			path = TabBarTUITests;
			sourceTree = "<group>";
		};
/* End PBXGroup section */

/* Begin PBXNativeTarget section */
		85EEE42C1CF555C400C1B465 /* TabBarT */ = {
			isa = PBXNativeTarget;
			buildConfigurationList = 85EEE4551CF555C400C1B465 /* Build configuration list for PBXNativeTarget "TabBarT" */;
			buildPhases = (
				85EEE4291CF555C400C1B465 /* Sources */,
				85EEE42A1CF555C400C1B465 /* Frameworks */,
				85EEE42B1CF555C400C1B465 /* Resources */,
			);
			buildRules = (
			);
			dependencies = (
			);
			name = TabBarT;
			productName = TabBarT;
			productReference = 85EEE42D1CF555C400C1B465 /* TabBarT.app */;
			productType = "com.apple.product-type.application";
		};
		85EEE4401CF555C400C1B465 /* TabBarTTests */ = {
			isa = PBXNativeTarget;
			buildConfigurationList = 85EEE4581CF555C400C1B465 /* Build configuration list for PBXNativeTarget "TabBarTTests" */;
			buildPhases = (
				85EEE43D1CF555C400C1B465 /* Sources */,
				85EEE43E1CF555C400C1B465 /* Frameworks */,
				85EEE43F1CF555C400C1B465 /* Resources */,
			);
			buildRules = (
			);
			dependencies = (
				85EEE4431CF555C400C1B465 /* PBXTargetDependency */,
			);
			name = TabBarTTests;
			productName = TabBarTTests;
			productReference = 85EEE4411CF555C400C1B465 /* TabBarTTests.xctest */;
			productType = "com.apple.product-type.bundle.unit-test";
		};
		85EEE44B1CF555C400C1B465 /* TabBarTUITests */ = {
			isa = PBXNativeTarget;
			buildConfigurationList = 85EEE45B1CF555C400C1B465 /* Build configuration list for PBXNativeTarget "TabBarTUITests" */;
			buildPhases = (
				85EEE4481CF555C400C1B465 /* Sources */,
				85EEE4491CF555C400C1B465 /* Frameworks */,
				85EEE44A1CF555C400C1B465 /* Resources */,
			);
			buildRules = (
			);
			dependencies = (
				85EEE44E1CF555C400C1B465 /* PBXTargetDependency */,
			);
			name = TabBarTUITests;
			productName = TabBarTUITests;
			productReference = 85EEE44C1CF555C400C1B465 /* TabBarTUITests.xctest */;
			productType = "com.apple.product-type.bundle.ui-testing";
		};
/* End PBXNativeTarget section */

/* Begin PBXProject section */
		85EEE4251CF555C400C1B465 /* Project object */ = {
			isa = PBXProject;
			attributes = {
				LastSwiftUpdateCheck = 0730;
				LastUpgradeCheck = 0730;
				ORGANIZATIONNAME = InReading;
				TargetAttributes = {
					85EEE42C1CF555C400C1B465 = {
						CreatedOnToolsVersion = 7.3.1;
					};
					85EEE4401CF555C400C1B465 = {
						CreatedOnToolsVersion = 7.3.1;
						TestTargetID = 85EEE42C1CF555C400C1B465;
					};
					85EEE44B1CF555C400C1B465 = {
						CreatedOnToolsVersion = 7.3.1;
						TestTargetID = 85EEE42C1CF555C400C1B465;
					};
				};
			};
			buildConfigurationList = 85EEE4281CF555C400C1B465 /* Build configuration list for PBXProject "TabBarT" */;
			compatibilityVersion = "Xcode 3.2";
			developmentRegion = English;
			hasScannedForEncodings = 0;
			knownRegions = (
				en,
				Base,
			);
			mainGroup = 85EEE4241CF555C400C1B465;
			productRefGroup = 85EEE42E1CF555C400C1B465 /* Products */;
			projectDirPath = "";
			projectRoot = "";
			targets = (
				85EEE42C1CF555C400C1B465 /* TabBarT */,
				85EEE4401CF555C400C1B465 /* TabBarTTests */,
				85EEE44B1CF555C400C1B465 /* TabBarTUITests */,
			);
		};
/* End PBXProject section */

/* Begin PBXResourcesBuildPhase section */
		85EEE42B1CF555C400C1B465 /* Resources */ = {
			isa = PBXResourcesBuildPhase;
			buildActionMask = 2147483647;
			files = (
				85EEE43B1CF555C400C1B465 /* LaunchScreen.storyboard in Resources */,
				85EEE4381CF555C400C1B465 /* Assets.xcassets in Resources */,
				85EEE4361CF555C400C1B465 /* Main.storyboard in Resources */,
			);
			runOnlyForDeploymentPostprocessing = 0;
		};
		85EEE43F1CF555C400C1B465 /* Resources */ = {
			isa = PBXResourcesBuildPhase;
			buildActionMask = 2147483647;
			files = (
			);
			runOnlyForDeploymentPostprocessing = 0;
		};
		85EEE44A1CF555C400C1B465 /* Resources */ = {
			isa = PBXResourcesBuildPhase;
			buildActionMask = 2147483647;
			files = (
			);
			runOnlyForDeploymentPostprocessing = 0;
		};
/* End PBXResourcesBuildPhase section */

/* Begin PBXSourcesBuildPhase section */
		85EEE4291CF555C400C1B465 /* Sources */ = {
			isa = PBXSourcesBuildPhase;
			buildActionMask = 2147483647;
			files = (
				85EEE4331CF555C400C1B465 /* ViewController.swift in Sources */,
				85EEE4311CF555C400C1B465 /* AppDelegate.swift in Sources */,
			);
			runOnlyForDeploymentPostprocessing = 0;
		};
		85EEE43D1CF555C400C1B465 /* Sources */ = {
			isa = PBXSourcesBuildPhase;
			buildActionMask = 2147483647;
			files = (
				85EEE4461CF555C400C1B465 /* TabBarTTests.swift in Sources */,
			);
			runOnlyForDeploymentPostprocessing = 0;
		};
		85EEE4481CF555C400C1B465 /* Sources */ = {
			isa = PBXSourcesBuildPhase;
			buildActionMask = 2147483647;
			files = (
				85EEE4511CF555C400C1B465 /* TabBarTUITests.swift in Sources */,
			);
			runOnlyForDeploymentPostprocessing = 0;
		};
/* End PBXSourcesBuildPhase section */

/* Begin PBXTargetDependency section */
		85EEE4431CF555C400C1B465 /* PBXTargetDependency */ = {
			isa = PBXTargetDependency;
			target = 85EEE42C1CF555C400C1B465 /* TabBarT */;
			targetProxy = 85EEE4421CF555C400C1B465 /* PBXContainerItemProxy */;
		};
		85EEE44E1CF555C400C1B465 /* PBXTargetDependency */ = {
			isa = PBXTargetDependency;
			target = 85EEE42C1CF555C400C1B465 /* TabBarT */;
			targetProxy = 85EEE44D1CF555C400C1B465 /* PBXContainerItemProxy */;
		};
/* End PBXTargetDependency section */

/* Begin PBXVariantGroup section */
		85EEE4341CF555C400C1B465 /* Main.storyboard */ = {
			isa = PBXVariantGroup;
			children = (
				85EEE4351CF555C400C1B465 /* Base */,
			);
			name = Main.storyboard;
			sourceTree = "<group>";
		};
		85EEE4391CF555C400C1B465 /* LaunchScreen.storyboard */ = {
			isa = PBXVariantGroup;
			children = (
				85EEE43A1CF555C400C1B465 /* Base */,
			);
			name = LaunchScreen.storyboard;
			sourceTree = "<group>";
		};
/* End PBXVariantGroup section */

/* Begin XCBuildConfiguration section */
		85EEE4531CF555C400C1B465 /* Debug */ = {
			isa = XCBuildConfiguration;
			buildSettings = {
				ALWAYS_SEARCH_USER_PATHS = NO;
				CLANG_ANALYZER_NONNULL = YES;
				CLANG_CXX_LANGUAGE_STANDARD = "gnu++0x";
				CLANG_CXX_LIBRARY = "libc++";
				CLANG_ENABLE_MODULES = YES;
				CLANG_ENABLE_OBJC_ARC = YES;
				CLANG_WARN_BOOL_CONVERSION = YES;
				CLANG_WARN_CONSTANT_CONVERSION = YES;
				CLANG_WARN_DIRECT_OBJC_ISA_USAGE = YES_ERROR;
				CLANG_WARN_EMPTY_BODY = YES;
				CLANG_WARN_ENUM_CONVERSION = YES;
				CLANG_WARN_INT_CONVERSION = YES;
				CLANG_WARN_OBJC_ROOT_CLASS = YES_ERROR;
				CLANG_WARN_UNREACHABLE_CODE = YES;
				CLANG_WARN__DUPLICATE_METHOD_MATCH = YES;
				"CODE_SIGN_IDENTITY[sdk=iphoneos*]" = "iPhone Developer";
				COPY_PHASE_STRIP = NO;
				DEBUG_INFORMATION_FORMAT = dwarf;
				ENABLE_STRICT_OBJC_MSGSEND = YES;
				ENABLE_TESTABILITY = YES;
				GCC_C_LANGUAGE_STANDARD = gnu99;
				GCC_DYNAMIC_NO_PIC = NO;
				GCC_NO_COMMON_BLOCKS = YES;
				GCC_OPTIMIZATION_LEVEL = 0;
				GCC_PREPROCESSOR_DEFINITIONS = (
					"DEBUG=1",
					"$(inherited)",
				);
				GCC_WARN_64_TO_32_BIT_CONVERSION = YES;
				GCC_WARN_ABOUT_RETURN_TYPE = YES_ERROR;
				GCC_WARN_UNDECLARED_SELECTOR = YES;
				GCC_WARN_UNINITIALIZED_AUTOS = YES_AGGRESSIVE;
				GCC_WARN_UNUSED_FUNCTION = YES;
				GCC_WARN_UNUSED_VARIABLE = YES;
				IPHONEOS_DEPLOYMENT_TARGET = 9.3;
				MTL_ENABLE_DEBUG_INFO = YES;
				ONLY_ACTIVE_ARCH = YES;
				SDKROOT = iphoneos;
				SWIFT_OPTIMIZATION_LEVEL = "-Onone";
				TARGETED_DEVICE_FAMILY = "1,2";
			};
			name = Debug;
		};
		85EEE4541CF555C400C1B465 /* Release */ = {
			isa = XCBuildConfiguration;
			buildSettings = {
				ALWAYS_SEARCH_USER_PATHS = NO;
				CLANG_ANALYZER_NONNULL = YES;
				CLANG_CXX_LANGUAGE_STANDARD = "gnu++0x";
				CLANG_CXX_LIBRARY = "libc++";
				CLANG_ENABLE_MODULES = YES;
				CLANG_ENABLE_OBJC_ARC = YES;
				CLANG_WARN_BOOL_CONVERSION = YES;
				CLANG_WARN_CONSTANT_CONVERSION = YES;
				CLANG_WARN_DIRECT_OBJC_ISA_USAGE = YES_ERROR;
				CLANG_WARN_EMPTY_BODY = YES;
				CLANG_WARN_ENUM_CONVERSION = YES;
				CLANG_WARN_INT_CONVERSION = YES;
				CLANG_WARN_OBJC_ROOT_CLASS = YES_ERROR;
				CLANG_WARN_UNREACHABLE_CODE = YES;
				CLANG_WARN__DUPLICATE_METHOD_MATCH = YES;
				"CODE_SIGN_IDENTITY[sdk=iphoneos*]" = "iPhone Developer";
				COPY_PHASE_STRIP = NO;
				DEBUG_INFORMATION_FORMAT = "dwarf-with-dsym";
				ENABLE_NS_ASSERTIONS = NO;
				ENABLE_STRICT_OBJC_MSGSEND = YES;
				GCC_C_LANGUAGE_STANDARD = gnu99;
				GCC_NO_COMMON_BLOCKS = YES;
				GCC_WARN_64_TO_32_BIT_CONVERSION = YES;
				GCC_WARN_ABOUT_RETURN_TYPE = YES_ERROR;
				GCC_WARN_UNDECLARED_SELECTOR = YES;
				GCC_WARN_UNINITIALIZED_AUTOS = YES_AGGRESSIVE;
				GCC_WARN_UNUSED_FUNCTION = YES;
				GCC_WARN_UNUSED_VARIABLE = YES;
				IPHONEOS_DEPLOYMENT_TARGET = 9.3;
				MTL_ENABLE_DEBUG_INFO = NO;
				SDKROOT = iphoneos;
				TARGETED_DEVICE_FAMILY = "1,2";
				VALIDATE_PRODUCT = YES;
			};
			name = Release;
		};
		85EEE4561CF555C400C1B465 /* Debug */ = {
			isa = XCBuildConfiguration;
			buildSettings = {
				ASSETCATALOG_COMPILER_APPICON_NAME = AppIcon;
				INFOPLIST_FILE = TabBarT/Info.plist;
				LD_RUNPATH_SEARCH_PATHS = "$(inherited) @executable_path/Frameworks";
				PRODUCT_BUNDLE_IDENTIFIER = com.zaidu.TabBarT;
				PRODUCT_NAME = "$(TARGET_NAME)";
			};
			name = Debug;
		};
		85EEE4571CF555C400C1B465 /* Release */ = {
			isa = XCBuildConfiguration;
			buildSettings = {
				ASSETCATALOG_COMPILER_APPICON_NAME = AppIcon;
				INFOPLIST_FILE = TabBarT/Info.plist;
				LD_RUNPATH_SEARCH_PATHS = "$(inherited) @executable_path/Frameworks";
				PRODUCT_BUNDLE_IDENTIFIER = com.zaidu.TabBarT;
				PRODUCT_NAME = "$(TARGET_NAME)";
			};
			name = Release;
		};
		85EEE4591CF555C400C1B465 /* Debug */ = {
			isa = XCBuildConfiguration;
			buildSettings = {
				BUNDLE_LOADER = "$(TEST_HOST)";
				INFOPLIST_FILE = TabBarTTests/Info.plist;
				LD_RUNPATH_SEARCH_PATHS = "$(inherited) @executable_path/Frameworks @loader_path/Frameworks";
				PRODUCT_BUNDLE_IDENTIFIER = com.zaidu.TabBarTTests;
				PRODUCT_NAME = "$(TARGET_NAME)";
				TEST_HOST = "$(BUILT_PRODUCTS_DIR)/TabBarT.app/TabBarT";
			};
			name = Debug;
		};
		85EEE45A1CF555C400C1B465 /* Release */ = {
			isa = XCBuildConfiguration;
			buildSettings = {
				BUNDLE_LOADER = "$(TEST_HOST)";
				INFOPLIST_FILE = TabBarTTests/Info.plist;
				LD_RUNPATH_SEARCH_PATHS = "$(inherited) @executable_path/Frameworks @loader_path/Frameworks";
				PRODUCT_BUNDLE_IDENTIFIER = com.zaidu.TabBarTTests;
				PRODUCT_NAME = "$(TARGET_NAME)";
				TEST_HOST = "$(BUILT_PRODUCTS_DIR)/TabBarT.app/TabBarT";
			};
			name = Release;
		};
		85EEE45C1CF555C400C1B465 /* Debug */ = {
			isa = XCBuildConfiguration;
			buildSettings = {
				INFOPLIST_FILE = TabBarTUITests/Info.plist;
				LD_RUNPATH_SEARCH_PATHS = "$(inherited) @executable_path/Frameworks @loader_path/Frameworks";
				PRODUCT_BUNDLE_IDENTIFIER = com.zaidu.TabBarTUITests;
				PRODUCT_NAME = "$(TARGET_NAME)";
				TEST_TARGET_NAME = TabBarT;
			};
			name = Debug;
		};
		85EEE45D1CF555C400C1B465 /* Release */ = {
			isa = XCBuildConfiguration;
			buildSettings = {
				INFOPLIST_FILE = TabBarTUITests/Info.plist;
				LD_RUNPATH_SEARCH_PATHS = "$(inherited) @executable_path/Frameworks @loader_path/Frameworks";
				PRODUCT_BUNDLE_IDENTIFIER = com.zaidu.TabBarTUITests;
				PRODUCT_NAME = "$(TARGET_NAME)";
				TEST_TARGET_NAME = TabBarT;
			};
			name = Release;
		};
/* End XCBuildConfiguration section */

/* Begin XCConfigurationList section */
		85EEE4281CF555C400C1B465 /* Build configuration list for PBXProject "TabBarT" */ = {
			isa = XCConfigurationList;
			buildConfigurations = (
				85EEE4531CF555C400C1B465 /* Debug */,
				85EEE4541CF555C400C1B465 /* Release */,
			);
			defaultConfigurationIsVisible = 0;
			defaultConfigurationName = Release;
		};
		85EEE4551CF555C400C1B465 /* Build configuration list for PBXNativeTarget "TabBarT" */ = {
			isa = XCConfigurationList;
			buildConfigurations = (
				85EEE4561CF555C400C1B465 /* Debug */,
				85EEE4571CF555C400C1B465 /* Release */,
			);
			defaultConfigurationIsVisible = 0;
		};
		85EEE4581CF555C400C1B465 /* Build configuration list for PBXNativeTarget "TabBarTTests" */ = {
			isa = XCConfigurationList;
			buildConfigurations = (
				85EEE4591CF555C400C1B465 /* Debug */,
				85EEE45A1CF555C400C1B465 /* Release */,
			);
			defaultConfigurationIsVisible = 0;
		};
		85EEE45B1CF555C400C1B465 /* Build configuration list for PBXNativeTarget "TabBarTUITests" */ = {
			isa = XCConfigurationList;
			buildConfigurations = (
				85EEE45C1CF555C400C1B465 /* Debug */,
				85EEE45D1CF555C400C1B465 /* Release */,
			);
			defaultConfigurationIsVisible = 0;
		};
/* End XCConfigurationList section */
	};
	rootObject = 85EEE4251CF555C400C1B465 /* Project object */;
}
